<Solution>
  <Folder Name="/Big O Notation/">
    <Project Path="src/BigONotation/BigONotation.csproj" Id="27812ad2-5817-4eed-a59c-0933429e3602" />
  </Folder>
  <Folder Name="/LinkedList/">
    <Project Path="src/LinkedList/LinkedList.csproj" Id="57fecb19-d3e4-4f74-9d64-01c69a6ddc65" />
  </Folder>
</Solution>
